// !$*UTF8*$!
{
	archiveVersion = 1;
	classes = {
	};
	objectVersion = 48;
	objects = {

/* Begin PBXBuildFile section */
		342414711FDB809B004335D2 /* Main.storyboard in Resources */ = {isa = PBXBuildFile; fileRef = 3424146F1FDB809B004335D2 /* Main.storyboard */; };
		342414731FDB809B004335D2 /* Assets.xcassets in Resources */ = {isa = PBXBuildFile; fileRef = 342414721FDB809B004335D2 /* Assets.xcassets */; };
		342414761FDB809B004335D2 /* LaunchScreen.storyboard in Resources */ = {isa = PBXBuildFile; fileRef = 342414741FDB809B004335D2 /* LaunchScreen.storyboard */; };
		342414891FDB80F6004335D2 /* Message.swift in Sources */ = {isa = PBXBuildFile; fileRef = 3424147F1FDB80F4004335D2 /* Message.swift */; };
		3424148A1FDB80F6004335D2 /* TinyChatRoom.swift in Sources */ = {isa = PBXBuildFile; fileRef = 342414801FDB80F5004335D2 /* TinyChatRoom.swift */; };
		3424148B1FDB80F6004335D2 /* Utility.swift in Sources */ = {isa = PBXBuildFile; fileRef = 342414821FDB80F5004335D2 /* Utility.swift */; };
		3424148C1FDB80F6004335D2 /* AppDelegate.swift in Sources */ = {isa = PBXBuildFile; fileRef = 342414831FDB80F5004335D2 /* AppDelegate.swift */; };
		3424148D1FDB80F6004335D2 /* TinyChatRoomViewController.swift in Sources */ = {isa = PBXBuildFile; fileRef = 342414841FDB80F5004335D2 /* TinyChatRoomViewController.swift */; };
		3424148E1FDB80F6004335D2 /* Reachability.m in Sources */ = {isa = PBXBuildFile; fileRef = 342414861FDB80F6004335D2 /* Reachability.m */; };
		3424148F1FDB80F6004335D2 /* History.swift in Sources */ = {isa = PBXBuildFile; fileRef = 342414871FDB80F6004335D2 /* History.swift */; };
		342414921FDB80FF004335D2 /* TinyChatClient.m in Sources */ = {isa = PBXBuildFile; fileRef = 342414911FDB80FF004335D2 /* TinyChatClient.m */; };
		34F5949C1FDE3554007FDFF1 /* eraser_icon@2x..png in Resources */ = {isa = PBXBuildFile; fileRef = 34F594991FDE3553007FDFF1 /* eraser_icon@2x..png */; };
		34F5949D1FDE3554007FDFF1 /* eraser_icon.png in Resources */ = {isa = PBXBuildFile; fileRef = 34F5949A1FDE3554007FDFF1 /* eraser_icon.png */; };
		34F5949E1FDE3554007FDFF1 /* eraser_icon@3x.png in Resources */ = {isa = PBXBuildFile; fileRef = 34F5949B1FDE3554007FDFF1 /* eraser_icon@3x.png */; };
		34F594A41FDE39AB007FDFF1 /* icon@2x.png in Resources */ = {isa = PBXBuildFile; fileRef = 34F594A11FDE39AA007FDFF1 /* icon@2x.png */; };
		34F594A61FDE3DCC007FDFF1 /* icon@3x.png in Resources */ = {isa = PBXBuildFile; fileRef = 34F594A51FDE3DCC007FDFF1 /* icon@3x.png */; };
		34F594A81FDE3E73007FDFF1 /* icon.png in Resources */ = {isa = PBXBuildFile; fileRef = 34F594A71FDE3E72007FDFF1 /* icon.png */; };
/* End PBXBuildFile section */

/* Begin PBXFileReference section */
		342414681FDB809B004335D2 /* TinyChat.app */ = {isa = PBXFileReference; explicitFileType = wrapper.application; includeInIndex = 0; path = TinyChat.app; sourceTree = BUILT_PRODUCTS_DIR; };
		342414701FDB809B004335D2 /* Base */ = {isa = PBXFileReference; lastKnownFileType = file.storyboard; name = Base; path = Base.lproj/Main.storyboard; sourceTree = "<group>"; };
		342414721FDB809B004335D2 /* Assets.xcassets */ = {isa = PBXFileReference; lastKnownFileType = folder.assetcatalog; path = Assets.xcassets; sourceTree = "<group>"; };
		342414751FDB809B004335D2 /* Base */ = {isa = PBXFileReference; lastKnownFileType = file.storyboard; name = Base; path = Base.lproj/LaunchScreen.storyboard; sourceTree = "<group>"; };
		342414771FDB809B004335D2 /* Info.plist */ = {isa = PBXFileReference; lastKnownFileType = text.plist.xml; path = Info.plist; sourceTree = "<group>"; };
		3424147F1FDB80F4004335D2 /* Message.swift */ = {isa = PBXFileReference; fileEncoding = 4; lastKnownFileType = sourcecode.swift; path = Message.swift; sourceTree = "<group>"; };
		342414801FDB80F5004335D2 /* TinyChatRoom.swift */ = {isa = PBXFileReference; fileEncoding = 4; lastKnownFileType = sourcecode.swift; path = TinyChatRoom.swift; sourceTree = "<group>"; };
		342414821FDB80F5004335D2 /* Utility.swift */ = {isa = PBXFileReference; fileEncoding = 4; lastKnownFileType = sourcecode.swift; path = Utility.swift; sourceTree = "<group>"; };
		342414831FDB80F5004335D2 /* AppDelegate.swift */ = {isa = PBXFileReference; fileEncoding = 4; lastKnownFileType = sourcecode.swift; path = AppDelegate.swift; sourceTree = "<group>"; };
		342414841FDB80F5004335D2 /* TinyChatRoomViewController.swift */ = {isa = PBXFileReference; fileEncoding = 4; lastKnownFileType = sourcecode.swift; path = TinyChatRoomViewController.swift; sourceTree = "<group>"; };
		342414851FDB80F5004335D2 /* Reachability.h */ = {isa = PBXFileReference; fileEncoding = 4; lastKnownFileType = sourcecode.c.h; path = Reachability.h; sourceTree = "<group>"; };
		342414861FDB80F6004335D2 /* Reachability.m */ = {isa = PBXFileReference; fileEncoding = 4; lastKnownFileType = sourcecode.c.objc; path = Reachability.m; sourceTree = "<group>"; };
		342414871FDB80F6004335D2 /* History.swift */ = {isa = PBXFileReference; fileEncoding = 4; lastKnownFileType = sourcecode.swift; path = History.swift; sourceTree = "<group>"; };
		342414901FDB80FF004335D2 /* TinyChatClient.h */ = {isa = PBXFileReference; fileEncoding = 4; lastKnownFileType = sourcecode.c.h; path = TinyChatClient.h; sourceTree = "<group>"; };
		342414911FDB80FF004335D2 /* TinyChatClient.m */ = {isa = PBXFileReference; fileEncoding = 4; lastKnownFileType = sourcecode.c.objc; path = TinyChatClient.m; sourceTree = "<group>"; };
		34CA0A281FDB882D00FD7605 /* TinyChat-Bridging-Header.h */ = {isa = PBXFileReference; lastKnownFileType = sourcecode.c.h; path = "TinyChat-Bridging-Header.h"; sourceTree = "<group>"; };
		34F594991FDE3553007FDFF1 /* eraser_icon@2x..png */ = {isa = PBXFileReference; lastKnownFileType = image.png; path = "eraser_icon@2x..png"; sourceTree = "<group>"; };
		34F5949A1FDE3554007FDFF1 /* eraser_icon.png */ = {isa = PBXFileReference; lastKnownFileType = image.png; path = eraser_icon.png; sourceTree = "<group>"; };
		34F5949B1FDE3554007FDFF1 /* eraser_icon@3x.png */ = {isa = PBXFileReference; lastKnownFileType = image.png; name = "eraser_icon@3x.png"; path = "../../../../Desktop/eraser icons/eraser_icon@3x.png"; sourceTree = "<group>"; };
		34F594A11FDE39AA007FDFF1 /* icon@2x.png */ = {isa = PBXFileReference; lastKnownFileType = image.png; path = "icon@2x.png"; sourceTree = "<group>"; };
		34F594A51FDE3DCC007FDFF1 /* icon@3x.png */ = {isa = PBXFileReference; lastKnownFileType = image.png; path = "icon@3x.png"; sourceTree = "<group>"; };
		34F594A71FDE3E72007FDFF1 /* icon.png */ = {isa = PBXFileReference; lastKnownFileType = image.png; name = icon.png; path = "../../../../Desktop/New App Images/icon.png"; sourceTree = "<group>"; };
/* End PBXFileReference section */

/* Begin PBXFrameworksBuildPhase section */
		342414651FDB809B004335D2 /* Frameworks */ = {
			isa = PBXFrameworksBuildPhase;
			buildActionMask = 2147483647;
			files = (
			);
			runOnlyForDeploymentPostprocessing = 0;
		};
/* End PBXFrameworksBuildPhase section */

/* Begin PBXGroup section */
		3424145F1FDB809A004335D2 = {
			isa = PBXGroup;
			children = (
				3424146A1FDB809B004335D2 /* TinyChat */,
				342414691FDB809B004335D2 /* Products */,
			);
			sourceTree = "<group>";
		};
		342414691FDB809B004335D2 /* Products */ = {
			isa = PBXGroup;
			children = (
				342414681FDB809B004335D2 /* TinyChat.app */,
			);
			name = Products;
			sourceTree = "<group>";
		};
		3424146A1FDB809B004335D2 /* TinyChat */ = {
			isa = PBXGroup;
			children = (
				342414831FDB80F5004335D2 /* AppDelegate.swift */,
				342414801FDB80F5004335D2 /* TinyChatRoom.swift */,
				342414841FDB80F5004335D2 /* TinyChatRoomViewController.swift */,
				342414901FDB80FF004335D2 /* TinyChatClient.h */,
				342414911FDB80FF004335D2 /* TinyChatClient.m */,
				342414871FDB80F6004335D2 /* History.swift */,
				3424147F1FDB80F4004335D2 /* Message.swift */,
				342414851FDB80F5004335D2 /* Reachability.h */,
				342414861FDB80F6004335D2 /* Reachability.m */,
				342414771FDB809B004335D2 /* Info.plist */,
				342414821FDB80F5004335D2 /* Utility.swift */,
				34CA0A281FDB882D00FD7605 /* TinyChat-Bridging-Header.h */,
				3424146F1FDB809B004335D2 /* Main.storyboard */,
				34F5949A1FDE3554007FDFF1 /* eraser_icon.png */,
				34F594991FDE3553007FDFF1 /* eraser_icon@2x..png */,
				34F5949B1FDE3554007FDFF1 /* eraser_icon@3x.png */,
				34F594A71FDE3E72007FDFF1 /* icon.png */,
				34F594A11FDE39AA007FDFF1 /* icon@2x.png */,
				34F594A51FDE3DCC007FDFF1 /* icon@3x.png */,
				342414721FDB809B004335D2 /* Assets.xcassets */,
				342414741FDB809B004335D2 /* LaunchScreen.storyboard */,
			);
			path = TinyChat;
			sourceTree = "<group>";
		};
/* End PBXGroup section */

/* Begin PBXNativeTarget section */
		342414671FDB809B004335D2 /* TinyChat */ = {
			isa = PBXNativeTarget;
			buildConfigurationList = 3424147A1FDB809B004335D2 /* Build configuration list for PBXNativeTarget "TinyChat" */;
			buildPhases = (
				342414641FDB809B004335D2 /* Sources */,
				342414651FDB809B004335D2 /* Frameworks */,
				342414661FDB809B004335D2 /* Resources */,
			);
			buildRules = (
			);
			dependencies = (
			);
			name = TinyChat;
			productName = TinyChat;
			productReference = 342414681FDB809B004335D2 /* TinyChat.app */;
			productType = "com.apple.product-type.application";
		};
/* End PBXNativeTarget section */

/* Begin PBXProject section */
		342414601FDB809A004335D2 /* Project object */ = {
			isa = PBXProject;
			attributes = {
				LastSwiftUpdateCheck = 0920;
				LastUpgradeCheck = 0920;
				ORGANIZATIONNAME = "Matthew Lintlop";
				TargetAttributes = {
					342414671FDB809B004335D2 = {
						CreatedOnToolsVersion = 9.2;
						LastSwiftMigration = 0920;
						ProvisioningStyle = Automatic;
					};
				};
			};
			buildConfigurationList = 342414631FDB809A004335D2 /* Build configuration list for PBXProject "TinyChat" */;
			compatibilityVersion = "Xcode 8.0";
			developmentRegion = en;
			hasScannedForEncodings = 0;
			knownRegions = (
				en,
				Base,
			);
			mainGroup = 3424145F1FDB809A004335D2;
			productRefGroup = 342414691FDB809B004335D2 /* Products */;
			projectDirPath = "";
			projectRoot = "";
			targets = (
				342414671FDB809B004335D2 /* TinyChat */,
			);
		};
/* End PBXProject section */

/* Begin PBXResourcesBuildPhase section */
		342414661FDB809B004335D2 /* Resources */ = {
			isa = PBXResourcesBuildPhase;
			buildActionMask = 2147483647;
			files = (
				34F5949C1FDE3554007FDFF1 /* eraser_icon@2x..png in Resources */,
				34F5949E1FDE3554007FDFF1 /* eraser_icon@3x.png in Resources */,
				34F594A61FDE3DCC007FDFF1 /* icon@3x.png in Resources */,
				342414761FDB809B004335D2 /* LaunchScreen.storyboard in Resources */,
				34F5949D1FDE3554007FDFF1 /* eraser_icon.png in Resources */,
				34F594A81FDE3E73007FDFF1 /* icon.png in Resources */,
				342414731FDB809B004335D2 /* Assets.xcassets in Resources */,
				342414711FDB809B004335D2 /* Main.storyboard in Resources */,
				34F594A41FDE39AB007FDFF1 /* icon@2x.png in Resources */,
			);
			runOnlyForDeploymentPostprocessing = 0;
		};
/* End PBXResourcesBuildPhase section */

/* Begin PBXSourcesBuildPhase section */
		342414641FDB809B004335D2 /* Sources */ = {
			isa = PBXSourcesBuildPhase;
			buildActionMask = 2147483647;
			files = (
				3424148C1FDB80F6004335D2 /* AppDelegate.swift in Sources */,
				3424148A1FDB80F6004335D2 /* TinyChatRoom.swift in Sources */,
				3424148F1FDB80F6004335D2 /* History.swift in Sources */,
				3424148D1FDB80F6004335D2 /* TinyChatRoomViewController.swift in Sources */,
				342414891FDB80F6004335D2 /* Message.swift in Sources */,
				3424148E1FDB80F6004335D2 /* Reachability.m in Sources */,
				342414921FDB80FF004335D2 /* TinyChatClient.m in Sources */,
				3424148B1FDB80F6004335D2 /* Utility.swift in Sources */,
			);
			runOnlyForDeploymentPostprocessing = 0;
		};
/* End PBXSourcesBuildPhase section */

/* Begin PBXVariantGroup section */
		3424146F1FDB809B004335D2 /* Main.storyboard */ = {
			isa = PBXVariantGroup;
			children = (
				342414701FDB809B004335D2 /* Base */,
			);
			name = Main.storyboard;
			sourceTree = "<group>";
		};
		342414741FDB809B004335D2 /* LaunchScreen.storyboard */ = {
			isa = PBXVariantGroup;
			children = (
				342414751FDB809B004335D2 /* Base */,
			);
			name = LaunchScreen.storyboard;
			sourceTree = "<group>";
		};
/* End PBXVariantGroup section */

/* Begin XCBuildConfiguration section */
		342414781FDB809B004335D2 /* Debug */ = {
			isa = XCBuildConfiguration;
			buildSettings = {
				ALWAYS_SEARCH_USER_PATHS = NO;
				CLANG_ANALYZER_NONNULL = YES;
				CLANG_ANALYZER_NUMBER_OBJECT_CONVERSION = YES_AGGRESSIVE;
				CLANG_CXX_LANGUAGE_STANDARD = "gnu++14";
				CLANG_CXX_LIBRARY = "libc++";
				CLANG_ENABLE_MODULES = YES;
				CLANG_ENABLE_OBJC_ARC = YES;
				CLANG_WARN_BLOCK_CAPTURE_AUTORELEASING = YES;
				CLANG_WARN_BOOL_CONVERSION = YES;
				CLANG_WARN_COMMA = YES;
				CLANG_WARN_CONSTANT_CONVERSION = YES;
				CLANG_WARN_DIRECT_OBJC_ISA_USAGE = YES_ERROR;
				CLANG_WARN_DOCUMENTATION_COMMENTS = YES;
				CLANG_WARN_EMPTY_BODY = YES;
				CLANG_WARN_ENUM_CONVERSION = YES;
				CLANG_WARN_INFINITE_RECURSION = YES;
				CLANG_WARN_INT_CONVERSION = YES;
				CLANG_WARN_NON_LITERAL_NULL_CONVERSION = YES;
				CLANG_WARN_OBJC_LITERAL_CONVERSION = YES;
				CLANG_WARN_OBJC_ROOT_CLASS = YES_ERROR;
				CLANG_WARN_RANGE_LOOP_ANALYSIS = YES;
				CLANG_WARN_STRICT_PROTOTYPES = YES;
				CLANG_WARN_SUSPICIOUS_MOVE = YES;
				CLANG_WARN_UNGUARDED_AVAILABILITY = YES_AGGRESSIVE;
				CLANG_WARN_UNREACHABLE_CODE = YES;
				CLANG_WARN__DUPLICATE_METHOD_MATCH = YES;
				CODE_SIGN_IDENTITY = "iPhone Developer";
				COPY_PHASE_STRIP = NO;
				DEBUG_INFORMATION_FORMAT = dwarf;
				ENABLE_STRICT_OBJC_MSGSEND = YES;
				ENABLE_TESTABILITY = YES;
				GCC_C_LANGUAGE_STANDARD = gnu11;
				GCC_DYNAMIC_NO_PIC = NO;
				GCC_NO_COMMON_BLOCKS = YES;
				GCC_OPTIMIZATION_LEVEL = 0;
				GCC_PREPROCESSOR_DEFINITIONS = (
					"DEBUG=1",
					"$(inherited)",
				);
				GCC_WARN_64_TO_32_BIT_CONVERSION = YES;
				GCC_WARN_ABOUT_RETURN_TYPE = YES_ERROR;
				GCC_WARN_UNDECLARED_SELECTOR = YES;
				GCC_WARN_UNINITIALIZED_AUTOS = YES_AGGRESSIVE;
				GCC_WARN_UNUSED_FUNCTION = YES;
				GCC_WARN_UNUSED_VARIABLE = YES;
				IPHONEOS_DEPLOYMENT_TARGET = 11.2;
				MTL_ENABLE_DEBUG_INFO = YES;
				ONLY_ACTIVE_ARCH = YES;
				SDKROOT = iphoneos;
				SWIFT_ACTIVE_COMPILATION_CONDITIONS = DEBUG;
				SWIFT_OPTIMIZATION_LEVEL = "-Onone";
			};
			name = Debug;
		};
		342414791FDB809B004335D2 /* Release */ = {
			isa = XCBuildConfiguration;
			buildSettings = {
				ALWAYS_SEARCH_USER_PATHS = NO;
				CLANG_ANALYZER_NONNULL = YES;
				CLANG_ANALYZER_NUMBER_OBJECT_CONVERSION = YES_AGGRESSIVE;
				CLANG_CXX_LANGUAGE_STANDARD = "gnu++14";
				CLANG_CXX_LIBRARY = "libc++";
				CLANG_ENABLE_MODULES = YES;
				CLANG_ENABLE_OBJC_ARC = YES;
				CLANG_WARN_BLOCK_CAPTURE_AUTORELEASING = YES;
				CLANG_WARN_BOOL_CONVERSION = YES;
				CLANG_WARN_COMMA = YES;
				CLANG_WARN_CONSTANT_CONVERSION = YES;
				CLANG_WARN_DIRECT_OBJC_ISA_USAGE = YES_ERROR;
				CLANG_WARN_DOCUMENTATION_COMMENTS = YES;
				CLANG_WARN_EMPTY_BODY = YES;
				CLANG_WARN_ENUM_CONVERSION = YES;
				CLANG_WARN_INFINITE_RECURSION = YES;
				CLANG_WARN_INT_CONVERSION = YES;
				CLANG_WARN_NON_LITERAL_NULL_CONVERSION = YES;
				CLANG_WARN_OBJC_LITERAL_CONVERSION = YES;
				CLANG_WARN_OBJC_ROOT_CLASS = YES_ERROR;
				CLANG_WARN_RANGE_LOOP_ANALYSIS = YES;
				CLANG_WARN_STRICT_PROTOTYPES = YES;
				CLANG_WARN_SUSPICIOUS_MOVE = YES;
				CLANG_WARN_UNGUARDED_AVAILABILITY = YES_AGGRESSIVE;
				CLANG_WARN_UNREACHABLE_CODE = YES;
				CLANG_WARN__DUPLICATE_METHOD_MATCH = YES;
				CODE_SIGN_IDENTITY = "iPhone Developer";
				COPY_PHASE_STRIP = NO;
				DEBUG_INFORMATION_FORMAT = "dwarf-with-dsym";
				ENABLE_NS_ASSERTIONS = NO;
				ENABLE_STRICT_OBJC_MSGSEND = YES;
				GCC_C_LANGUAGE_STANDARD = gnu11;
				GCC_NO_COMMON_BLOCKS = YES;
				GCC_WARN_64_TO_32_BIT_CONVERSION = YES;
				GCC_WARN_ABOUT_RETURN_TYPE = YES_ERROR;
				GCC_WARN_UNDECLARED_SELECTOR = YES;
				GCC_WARN_UNINITIALIZED_AUTOS = YES_AGGRESSIVE;
				GCC_WARN_UNUSED_FUNCTION = YES;
				GCC_WARN_UNUSED_VARIABLE = YES;
				IPHONEOS_DEPLOYMENT_TARGET = 11.2;
				MTL_ENABLE_DEBUG_INFO = NO;
				SDKROOT = iphoneos;
				SWIFT_OPTIMIZATION_LEVEL = "-Owholemodule";
				VALIDATE_PRODUCT = YES;
			};
			name = Release;
		};
		3424147B1FDB809B004335D2 /* Debug */ = {
			isa = XCBuildConfiguration;
			buildSettings = {
				ASSETCATALOG_COMPILER_APPICON_NAME = AppIcon;
				CLANG_ENABLE_MODULES = YES;
				CODE_SIGN_STYLE = Automatic;
				DEVELOPMENT_TEAM = US5DTPYQ6L;
				INFOPLIST_FILE = TinyChat/Info.plist;
				LD_RUNPATH_SEARCH_PATHS = "$(inherited) @executable_path/Frameworks";
				PRODUCT_BUNDLE_IDENTIFIER = com.opengarden.TinyChat;
				PRODUCT_NAME = "$(TARGET_NAME)";
				SWIFT_OBJC_BRIDGING_HEADER = "TinyChat/TinyChat-Bridging-Header.h";
				SWIFT_OPTIMIZATION_LEVEL = "-Onone";
				SWIFT_VERSION = 4.0;
				TARGETED_DEVICE_FAMILY = "1,2";
			};
			name = Debug;
		};
		3424147C1FDB809B004335D2 /* Release */ = {
			isa = XCBuildConfiguration;
			buildSettings = {
				ASSETCATALOG_COMPILER_APPICON_NAME = AppIcon;
				CLANG_ENABLE_MODULES = YES;
				CODE_SIGN_STYLE = Automatic;
				DEVELOPMENT_TEAM = US5DTPYQ6L;
				INFOPLIST_FILE = TinyChat/Info.plist;
				LD_RUNPATH_SEARCH_PATHS = "$(inherited) @executable_path/Frameworks";
				PRODUCT_BUNDLE_IDENTIFIER = com.opengarden.TinyChat;
				PRODUCT_NAME = "$(TARGET_NAME)";
				SWIFT_OBJC_BRIDGING_HEADER = "TinyChat/TinyChat-Bridging-Header.h";
				SWIFT_VERSION = 4.0;
				TARGETED_DEVICE_FAMILY = "1,2";
			};
			name = Release;
		};
/* End XCBuildConfiguration section */

/* Begin XCConfigurationList section */
		342414631FDB809A004335D2 /* Build configuration list for PBXProject "TinyChat" */ = {
			isa = XCConfigurationList;
			buildConfigurations = (
				342414781FDB809B004335D2 /* Debug */,
				342414791FDB809B004335D2 /* Release */,
			);
			defaultConfigurationIsVisible = 0;
			defaultConfigurationName = Release;
		};
		3424147A1FDB809B004335D2 /* Build configuration list for PBXNativeTarget "TinyChat" */ = {
			isa = XCConfigurationList;
			buildConfigurations = (
				3424147B1FDB809B004335D2 /* Debug */,
				3424147C1FDB809B004335D2 /* Release */,
			);
			defaultConfigurationIsVisible = 0;
			defaultConfigurationName = Release;
		};
/* End XCConfigurationList section */
	};
	rootObject = 342414601FDB809A004335D2 /* Project object */;
}
